
Microsoft Visual Studio Solution File, Format Version 12.00
# Visual Studio Version 16
VisualStudioVersion = 16.0.31402.337
MinimumVisualStudioVersion = 10.0.40219.1
Project("{FAE04EC0-301F-11D3-BF4B-00C04F79EFBC}") = "DungeonsAndDragonsCharacter.API", "DungeonsAndDragonsCharacter.API.csproj", "{6A6E5B71-7312-4860-B7FB-91E9045E9BD8}"
EndProject
Global
	GlobalSection(SolutionConfigurationPlatforms) = preSolution
		Debug|Any CPU = Debug|Any CPU
		Release|Any CPU = Release|Any CPU
	EndGlobalSection
	GlobalSection(ProjectConfigurationPlatforms) = postSolution
		{6A6E5B71-7312-4860-B7FB-91E9045E9BD8}.Debug|Any CPU.ActiveCfg = Debug|Any CPU
		{6A6E5B71-7312-4860-B7FB-91E9045E9BD8}.Debug|Any CPU.Build.0 = Debug|Any CPU
		{6A6E5B71-7312-4860-B7FB-91E9045E9BD8}.Release|Any CPU.ActiveCfg = Release|Any CPU
		{6A6E5B71-7312-4860-B7FB-91E9045E9BD8}.Release|Any CPU.Build.0 = Release|Any CPU
	EndGlobalSection
	GlobalSection(SolutionProperties) = preSolution
		HideSolutionNode = FALSE
	EndGlobalSection
	GlobalSection(ExtensibilityGlobals) = postSolution
		SolutionGuid = {71DFCE91-2DC3-45A0-9C9D-54DD4AD1C4FF}
	EndGlobalSection
EndGlobal
